
Microsoft Visual Studio Solution File, Format Version 12.00
# Visual Studio Version 17
VisualStudioVersion = 17.8.34525.116
MinimumVisualStudioVersion = 10.0.40219.1
Project("{9A19103F-16F7-4668-BE54-9A1E7A4F7556}") = "MODELS", "MODELS\MODELS.csproj", "{11DE156A-2170-4D0B-9521-9A6C11DC2AD9}"
EndProject
Project("{9A19103F-16F7-4668-BE54-9A1E7A4F7556}") = "DAL", "DAL\DAL.csproj", "{48191634-24C6-4F3D-B504-89453E428A92}"
EndProject
Project("{9A19103F-16F7-4668-BE54-9A1E7A4F7556}") = "BLL", "BLL\BLL.csproj", "{7137E4A3-46EB-40CD-B641-4FD4B43E178E}"
EndProject
Project("{FAE04EC0-301F-11D3-BF4B-00C04F79EFBC}") = "PL", "PL\PL.csproj", "{81F43E99-AEF3-4ABB-A687-CA3CB2C74B2A}"
EndProject
Global
	GlobalSection(SolutionConfigurationPlatforms) = preSolution
		Debug|Any CPU = Debug|Any CPU
		Release|Any CPU = Release|Any CPU
	EndGlobalSection
	GlobalSection(ProjectConfigurationPlatforms) = postSolution
		{11DE156A-2170-4D0B-9521-9A6C11DC2AD9}.Debug|Any CPU.ActiveCfg = Debug|Any CPU
		{11DE156A-2170-4D0B-9521-9A6C11DC2AD9}.Debug|Any CPU.Build.0 = Debug|Any CPU
		{11DE156A-2170-4D0B-9521-9A6C11DC2AD9}.Release|Any CPU.ActiveCfg = Release|Any CPU
		{11DE156A-2170-4D0B-9521-9A6C11DC2AD9}.Release|Any CPU.Build.0 = Release|Any CPU
		{48191634-24C6-4F3D-B504-89453E428A92}.Debug|Any CPU.ActiveCfg = Debug|Any CPU
		{48191634-24C6-4F3D-B504-89453E428A92}.Debug|Any CPU.Build.0 = Debug|Any CPU
		{48191634-24C6-4F3D-B504-89453E428A92}.Release|Any CPU.ActiveCfg = Release|Any CPU
		{48191634-24C6-4F3D-B504-89453E428A92}.Release|Any CPU.Build.0 = Release|Any CPU
		{7137E4A3-46EB-40CD-B641-4FD4B43E178E}.Debug|Any CPU.ActiveCfg = Debug|Any CPU
		{7137E4A3-46EB-40CD-B641-4FD4B43E178E}.Debug|Any CPU.Build.0 = Debug|Any CPU
		{7137E4A3-46EB-40CD-B641-4FD4B43E178E}.Release|Any CPU.ActiveCfg = Release|Any CPU
		{7137E4A3-46EB-40CD-B641-4FD4B43E178E}.Release|Any CPU.Build.0 = Release|Any CPU
		{81F43E99-AEF3-4ABB-A687-CA3CB2C74B2A}.Debug|Any CPU.ActiveCfg = Debug|Any CPU
		{81F43E99-AEF3-4ABB-A687-CA3CB2C74B2A}.Debug|Any CPU.Build.0 = Debug|Any CPU
		{81F43E99-AEF3-4ABB-A687-CA3CB2C74B2A}.Release|Any CPU.ActiveCfg = Release|Any CPU
		{81F43E99-AEF3-4ABB-A687-CA3CB2C74B2A}.Release|Any CPU.Build.0 = Release|Any CPU
	EndGlobalSection
	GlobalSection(SolutionProperties) = preSolution
		HideSolutionNode = FALSE
	EndGlobalSection
	GlobalSection(ExtensibilityGlobals) = postSolution
		SolutionGuid = {F9C6FE43-BC36-4E1B-9B63-577F4DC24A3B}
	EndGlobalSection
EndGlobal
